
Microsoft Visual Studio Solution File, Format Version 12.00
# Visual Studio Version 17
VisualStudioVersion = 17.14.36109.1
MinimumVisualStudioVersion = 10.0.40219.1
Project("{FAE04EC0-301F-11D3-BF4B-00C04F79EFBC}") = "CapaPresentacion", "Telar\CapaPresentacion.csproj", "{580A973E-222D-48A4-8E5F-ED5F5085397B}"
EndProject
Project("{FAE04EC0-301F-11D3-BF4B-00C04F79EFBC}") = "CapaNegocio", "CapaNegocio\CapaNegocio.csproj", "{9B73A3A3-8BCD-46B3-BA43-C283EDECB233}"
EndProject
Global
	GlobalSection(SolutionConfigurationPlatforms) = preSolution
		Debug|Any CPU = Debug|Any CPU
		Release|Any CPU = Release|Any CPU
	EndGlobalSection
	GlobalSection(ProjectConfigurationPlatforms) = postSolution
		{580A973E-222D-48A4-8E5F-ED5F5085397B}.Debug|Any CPU.ActiveCfg = Debug|Any CPU
		{580A973E-222D-48A4-8E5F-ED5F5085397B}.Debug|Any CPU.Build.0 = Debug|Any CPU
		{580A973E-222D-48A4-8E5F-ED5F5085397B}.Release|Any CPU.ActiveCfg = Release|Any CPU
		{580A973E-222D-48A4-8E5F-ED5F5085397B}.Release|Any CPU.Build.0 = Release|Any CPU
		{9B73A3A3-8BCD-46B3-BA43-C283EDECB233}.Debug|Any CPU.ActiveCfg = Debug|Any CPU
		{9B73A3A3-8BCD-46B3-BA43-C283EDECB233}.Debug|Any CPU.Build.0 = Debug|Any CPU
		{9B73A3A3-8BCD-46B3-BA43-C283EDECB233}.Release|Any CPU.ActiveCfg = Release|Any CPU
		{9B73A3A3-8BCD-46B3-BA43-C283EDECB233}.Release|Any CPU.Build.0 = Release|Any CPU
	EndGlobalSection
	GlobalSection(SolutionProperties) = preSolution
		HideSolutionNode = FALSE
	EndGlobalSection
	GlobalSection(ExtensibilityGlobals) = postSolution
		SolutionGuid = {E9C0170F-FD7A-4067-B009-23EF26DCCF66}
	EndGlobalSection
EndGlobal
